<?xml version="1.0" encoding="utf-8"?>
<Project ToolsVersion="4.0" xmlns="http://schemas.microsoft.com/developer/msbuild/2003">
  <ItemGroup>
    <Filter Include="KEngine">
      <UniqueIdentifier>{062D043A-720C-83D5-7B24-0EACE782E936}</UniqueIdentifier>
    </Filter>
    <Filter Include="KEngine\Events">
      <UniqueIdentifier>{2A36F034-1604-E43A-FF97-5461EB04C09F}</UniqueIdentifier>
    </Filter>
    <Filter Include="KEngine\Platforms">
      <UniqueIdentifier>{CD73820C-398A-80A2-8201-0CC4EE56512A}</UniqueIdentifier>
    </Filter>
  </ItemGroup>
  <ItemGroup>
    <ClInclude Include="src\KEngine.h" />
    <ClInclude Include="src\KEngine\Application.h">
      <Filter>KEngine</Filter>
    </ClInclude>
    <ClInclude Include="src\KEngine\Core.h">
      <Filter>KEngine</Filter>
    </ClInclude>
    <ClInclude Include="src\KEngine\EntryPoint.h">
      <Filter>KEngine</Filter>
    </ClInclude>
    <ClInclude Include="src\KEngine\Events\ApplicationEvent.h">
      <Filter>KEngine\Events</Filter>
    </ClInclude>
    <ClInclude Include="src\KEngine\Events\Event.h">
      <Filter>KEngine\Events</Filter>
    </ClInclude>
    <ClInclude Include="src\KEngine\Events\KeyEvent.h">
      <Filter>KEngine\Events</Filter>
    </ClInclude>
    <ClInclude Include="src\KEngine\Events\MouseEvent.h">
      <Filter>KEngine\Events</Filter>
    </ClInclude>
    <ClInclude Include="src\KEngine\Log.h">
      <Filter>KEngine</Filter>
    </ClInclude>
    <ClInclude Include="src\KEngine\Platforms\WindowsWindow.h">
      <Filter>KEngine\Platforms</Filter>
    </ClInclude>
    <ClInclude Include="src\KEngine\Window.h">
      <Filter>KEngine</Filter>
    </ClInclude>
    <ClInclude Include="src\kepch.h" />
    <ClInclude Include="src\KEngine\LayerStack.h" />
    <ClInclude Include="src\KEngine\Layer.h" />
  </ItemGroup>
  <ItemGroup>
    <ClCompile Include="src\KEngine\Application.cpp">
      <Filter>KEngine</Filter>
    </ClCompile>
    <ClCompile Include="src\KEngine\Log.cpp">
      <Filter>KEngine</Filter>
    </ClCompile>
    <ClCompile Include="src\KEngine\Platforms\WindowsWindow.cpp">
      <Filter>KEngine\Platforms</Filter>
    </ClCompile>
    <ClCompile Include="src\KEngine\Window.cpp">
      <Filter>KEngine</Filter>
    </ClCompile>
    <ClCompile Include="src\kepch.cpp" />
    <ClCompile Include="src\KEngine\LayerStack.cpp" />
    <ClCompile Include="src\KEngine\Layer.cpp" />
  </ItemGroup>
</Project>