<?xml version="1.0" encoding="utf-8"?>
<Project ToolsVersion="4.0" xmlns="http://schemas.microsoft.com/developer/msbuild/2003">
  <ItemGroup>
    <Filter Include="KEngine">
      <UniqueIdentifier>{062D043A-720C-83D5-7B24-0EACE782E936}</UniqueIdentifier>
    </Filter>
  </ItemGroup>
  <ItemGroup>
    <ClInclude Include="src\KEngine.h" />
    <ClInclude Include="src\KEngine\Application.h">
      <Filter>KEngine</Filter>
    </ClInclude>
    <ClInclude Include="src\KEngine\Core.h">
      <Filter>KEngine</Filter>
    </ClInclude>
    <ClInclude Include="src\KEngine\EntryPoint.h">
      <Filter>KEngine</Filter>
    </ClInclude>
    <ClInclude Include="src\KEngine\Log.h">
      <Filter>KEngine</Filter>
    </ClInclude>
  </ItemGroup>
  <ItemGroup>
    <ClCompile Include="src\KEngine\Application.cpp">
      <Filter>KEngine</Filter>
    </ClCompile>
    <ClCompile Include="src\KEngine\Log.cpp">
      <Filter>KEngine</Filter>
    </ClCompile>
  </ItemGroup>
</Project>